{
  "version": 4,
  "terraform_version": "1.15.8",
  "serial": 26,
  "lineage": "fff3b8c7-9c5d-9733-f15b-244b6087b103",
  "outputs": {
    "load_balancer_ip": {
      "value": "34.117.198.95",
      "type": "string"
    },
    "mcp_sse_endpoint_http": {
      "value": "http://34.117.198.95/sse",
      "type": "string"
    },
    "mcp_sse_endpoint_https": {
      "value": "https://mcp-demo-sei.aidemo.space/sse",
      "type": "string"
    },
    "url_map_id": {
      "value": "projects/agent-space-demos/global/urlMaps/sei-mcp-server-url-map",
      "type": "string"
    }
  },
  "resources": [
    {
      "mode": "managed",
      "type": "google_compute_backend_service",
      "name": "mcp_backend",
      "provider": "provider[\"registry.terraform.io/hashicorp/google\"]",
      "instances": [
        {
          "schema_version": 1,
          "attributes": {
            "affinity_cookie_ttl_sec": 0,
            "backend": [
              {
                "balancing_mode": "UTILIZATION",
                "capacity_scaler": 1,
                "description": "",
                "group": "https://www.googleapis.com/compute/v1/projects/agent-space-demos/regions/southamerica-east1/networkEndpointGroups/sei-mcp-server-neg",
                "max_connections": 0,
                "max_connections_per_endpoint": 0,
                "max_connections_per_instance": 0,
                "max_rate": 0,
                "max_rate_per_endpoint": 0,
                "max_rate_per_instance": 0,
                "max_utilization": 0
              }
            ],
            "cdn_policy": [],
            "circuit_breakers": [],
            "compression_mode": "",
            "connection_draining_timeout_sec": 300,
            "consistent_hash": [],
            "creation_timestamp": "2026-08-11T10:54:47.647-07:00",
            "custom_request_headers": null,
            "custom_response_headers": null,
            "description": "",
            "edge_security_policy": "",
            "enable_cdn": false,
            "fingerprint": "8pwkq0H23Mk=",
            "generated_id": 3823108164532231944,
            "health_checks": null,
            "iap": [],
            "id": "projects/agent-space-demos/global/backendServices/sei-mcp-server-backend",
            "load_balancing_scheme": "EXTERNAL_MANAGED",
            "locality_lb_policies": [],
            "locality_lb_policy": "",
            "log_config": [],
            "name": "sei-mcp-server-backend",
            "outlier_detection": [],
            "port_name": "http",
            "project": "agent-space-demos",
            "protocol": "HTTP",
            "security_policy": "",
            "security_settings": [],
            "self_link": "https://www.googleapis.com/compute/v1/projects/agent-space-demos/global/backendServices/sei-mcp-server-backend",
            "service_lb_policy": "",
            "session_affinity": "NONE",
            "timeout_sec": 30,
            "timeouts": null
          },
          "sensitive_attributes": [],
          "identity_schema_version": 0,
          "private": "eyJlMmJmYjczMC1lY2FhLTExZTYtOGY4OC0zNDM2M2JjN2M0YzAiOnsiY3JlYXRlIjoxMjAwMDAwMDAwMDAwLCJkZWxldGUiOjEyMDAwMDAwMDAwMDAsInVwZGF0ZSI6MTIwMDAwMDAwMDAwMH0sInNjaGVtYV92ZXJzaW9uIjoiMSJ9",
          "dependencies": [
            "google_compute_region_network_endpoint_group.serverless_neg"
          ]
        }
      ]
    },
    {
      "mode": "managed",
      "type": "google_compute_global_address",
      "name": "lb_ip",
      "provider": "provider[\"registry.terraform.io/hashicorp/google\"]",
      "instances": [
        {
          "schema_version": 0,
          "attributes": {
            "address": "34.117.198.95",
            "address_type": "EXTERNAL",
            "creation_timestamp": "2026-08-11T10:52:22.079-07:00",
            "description": "Global Static IP address for sei-mcp-server Load Balancer",
            "effective_labels": {},
            "id": "projects/agent-space-demos/global/addresses/sei-mcp-server-lb-ip",
            "ip_version": "",
            "label_fingerprint": "42WmSpB8rSM=",
            "labels": {},
            "name": "sei-mcp-server-lb-ip",
            "network": "",
            "prefix_length": 0,
            "project": "agent-space-demos",
            "purpose": "",
            "self_link": "https://www.googleapis.com/compute/v1/projects/agent-space-demos/global/addresses/sei-mcp-server-lb-ip",
            "terraform_labels": {},
            "timeouts": null
          },
          "sensitive_attributes": [],
          "identity_schema_version": 0,
          "private": "eyJlMmJmYjczMC1lY2FhLTExZTYtOGY4OC0zNDM2M2JjN2M0YzAiOnsiY3JlYXRlIjoxMjAwMDAwMDAwMDAwLCJkZWxldGUiOjEyMDAwMDAwMDAwMDAsInVwZGF0ZSI6MTIwMDAwMDAwMDAwMH19"
        }
      ]
    },
    {
      "mode": "managed",
      "type": "google_compute_global_forwarding_rule",
      "name": "http_forwarding_rule",
      "provider": "provider[\"registry.terraform.io/hashicorp/google\"]",
      "instances": [
        {
          "schema_version": 0,
          "attributes": {
            "base_forwarding_rule": "",
            "description": "",
            "effective_labels": {},
            "id": "projects/agent-space-demos/global/forwardingRules/sei-mcp-server-http-fw-rule",
            "ip_address": "34.117.198.95",
            "ip_protocol": "TCP",
            "ip_version": "",
            "label_fingerprint": "42WmSpB8rSM=",
            "labels": null,
            "load_balancing_scheme": "EXTERNAL_MANAGED",
            "metadata_filters": [],
            "name": "sei-mcp-server-http-fw-rule",
            "network": "",
            "no_automate_dns_zone": null,
            "port_range": "80-80",
            "project": "agent-space-demos",
            "psc_connection_id": "",
            "psc_connection_status": "",
            "self_link": "https://www.googleapis.com/compute/v1/projects/agent-space-demos/global/forwardingRules/sei-mcp-server-http-fw-rule",
            "service_directory_registrations": [],
            "source_ip_ranges": null,
            "subnetwork": "",
            "target": "https://www.googleapis.com/compute/v1/projects/agent-space-demos/global/targetHttpProxies/sei-mcp-server-http-proxy",
            "terraform_labels": {},
            "timeouts": null
          },
          "sensitive_attributes": [],
          "identity_schema_version": 0,
          "private": "eyJlMmJmYjczMC1lY2FhLTExZTYtOGY4OC0zNDM2M2JjN2M0YzAiOnsiY3JlYXRlIjoxMjAwMDAwMDAwMDAwLCJkZWxldGUiOjEyMDAwMDAwMDAwMDAsInVwZGF0ZSI6MTIwMDAwMDAwMDAwMH19",
          "dependencies": [
            "google_compute_backend_service.mcp_backend",
            "google_compute_global_address.lb_ip",
            "google_compute_region_network_endpoint_group.serverless_neg",
            "google_compute_target_http_proxy.http_proxy",
            "google_compute_url_map.url_map"
          ]
        }
      ]
    },
    {
      "mode": "managed",
      "type": "google_compute_global_forwarding_rule",
      "name": "https_forwarding_rule",
      "provider": "provider[\"registry.terraform.io/hashicorp/google\"]",
      "instances": [
        {
          "index_key": 0,
          "schema_version": 0,
          "attributes": {
            "base_forwarding_rule": "",
            "description": "",
            "effective_labels": {},
            "id": "projects/agent-space-demos/global/forwardingRules/sei-mcp-server-https-fw-rule",
            "ip_address": "34.117.198.95",
            "ip_protocol": "TCP",
            "ip_version": "",
            "label_fingerprint": "42WmSpB8rSM=",
            "labels": null,
            "load_balancing_scheme": "EXTERNAL_MANAGED",
            "metadata_filters": [],
            "name": "sei-mcp-server-https-fw-rule",
            "network": "",
            "no_automate_dns_zone": null,
            "port_range": "443-443",
            "project": "agent-space-demos",
            "psc_connection_id": "",
            "psc_connection_status": "",
            "self_link": "https://www.googleapis.com/compute/v1/projects/agent-space-demos/global/forwardingRules/sei-mcp-server-https-fw-rule",
            "service_directory_registrations": [],
            "source_ip_ranges": null,
            "subnetwork": "",
            "target": "https://www.googleapis.com/compute/v1/projects/agent-space-demos/global/targetHttpsProxies/sei-mcp-server-https-proxy",
            "terraform_labels": {},
            "timeouts": null
          },
          "sensitive_attributes": [],
          "identity_schema_version": 0,
          "private": "eyJlMmJmYjczMC1lY2FhLTExZTYtOGY4OC0zNDM2M2JjN2M0YzAiOnsiY3JlYXRlIjoxMjAwMDAwMDAwMDAwLCJkZWxldGUiOjEyMDAwMDAwMDAwMDAsInVwZGF0ZSI6MTIwMDAwMDAwMDAwMH19",
          "dependencies": [
            "google_compute_backend_service.mcp_backend",
            "google_compute_global_address.lb_ip",
            "google_compute_managed_ssl_certificate.managed_ssl",
            "google_compute_region_network_endpoint_group.serverless_neg",
            "google_compute_target_https_proxy.https_proxy",
            "google_compute_url_map.url_map"
          ]
        }
      ]
    },
    {
      "mode": "managed",
      "type": "google_compute_managed_ssl_certificate",
      "name": "managed_ssl",
      "provider": "provider[\"registry.terraform.io/hashicorp/google\"]",
      "instances": [
        {
          "index_key": 0,
          "schema_version": 0,
          "attributes": {
            "certificate_id": 1853697601540906938,
            "creation_timestamp": "2026-08-11T10:52:21.999-07:00",
            "description": "",
            "expire_time": "",
            "id": "projects/agent-space-demos/global/sslCertificates/sei-mcp-server-ssl-cert",
            "managed": [
              {
                "domains": [
                  "mcp-demo-sei.aidemo.space"
                ]
              }
            ],
            "name": "sei-mcp-server-ssl-cert",
            "project": "agent-space-demos",
            "self_link": "https://www.googleapis.com/compute/v1/projects/agent-space-demos/global/sslCertificates/sei-mcp-server-ssl-cert",
            "subject_alternative_names": [],
            "timeouts": null,
            "type": "MANAGED"
          },
          "sensitive_attributes": [],
          "identity_schema_version": 0,
          "private": "eyJlMmJmYjczMC1lY2FhLTExZTYtOGY4OC0zNDM2M2JjN2M0YzAiOnsiY3JlYXRlIjoxODAwMDAwMDAwMDAwLCJkZWxldGUiOjE4MDAwMDAwMDAwMDB9fQ=="
        }
      ]
    },
    {
      "mode": "managed",
      "type": "google_compute_region_network_endpoint_group",
      "name": "serverless_neg",
      "provider": "provider[\"registry.terraform.io/hashicorp/google\"]",
      "instances": [
        {
          "schema_version": 0,
          "attributes": {
            "app_engine": [],
            "cloud_function": [],
            "cloud_run": [
              {
                "service": "sei-mcp-server",
                "tag": "",
                "url_mask": ""
              }
            ],
            "description": "",
            "id": "projects/agent-space-demos/regions/southamerica-east1/networkEndpointGroups/sei-mcp-server-neg",
            "name": "sei-mcp-server-neg",
            "network": "",
            "network_endpoint_type": "SERVERLESS",
            "project": "agent-space-demos",
            "psc_target_service": "",
            "region": "https://www.googleapis.com/compute/v1/projects/agent-space-demos/regions/southamerica-east1",
            "self_link": "https://www.googleapis.com/compute/v1/projects/agent-space-demos/regions/southamerica-east1/networkEndpointGroups/sei-mcp-server-neg",
            "subnetwork": "",
            "timeouts": null
          },
          "sensitive_attributes": [],
          "identity_schema_version": 0,
          "private": "eyJlMmJmYjczMC1lY2FhLTExZTYtOGY4OC0zNDM2M2JjN2M0YzAiOnsiY3JlYXRlIjoxMjAwMDAwMDAwMDAwLCJkZWxldGUiOjEyMDAwMDAwMDAwMDB9fQ=="
        }
      ]
    },
    {
      "mode": "managed",
      "type": "google_compute_target_http_proxy",
      "name": "http_proxy",
      "provider": "provider[\"registry.terraform.io/hashicorp/google\"]",
      "instances": [
        {
          "schema_version": 0,
          "attributes": {
            "creation_timestamp": "2026-08-11T10:56:43.200-07:00",
            "description": "",
            "http_keep_alive_timeout_sec": 0,
            "id": "projects/agent-space-demos/global/targetHttpProxies/sei-mcp-server-http-proxy",
            "name": "sei-mcp-server-http-proxy",
            "project": "agent-space-demos",
            "proxy_bind": false,
            "proxy_id": 7615711548443909300,
            "self_link": "https://www.googleapis.com/compute/v1/projects/agent-space-demos/global/targetHttpProxies/sei-mcp-server-http-proxy",
            "timeouts": null,
            "url_map": "https://www.googleapis.com/compute/v1/projects/agent-space-demos/global/urlMaps/sei-mcp-server-url-map"
          },
          "sensitive_attributes": [],
          "identity_schema_version": 0,
          "private": "eyJlMmJmYjczMC1lY2FhLTExZTYtOGY4OC0zNDM2M2JjN2M0YzAiOnsiY3JlYXRlIjoxMjAwMDAwMDAwMDAwLCJkZWxldGUiOjEyMDAwMDAwMDAwMDAsInVwZGF0ZSI6MTIwMDAwMDAwMDAwMH19",
          "dependencies": [
            "google_compute_backend_service.mcp_backend",
            "google_compute_region_network_endpoint_group.serverless_neg",
            "google_compute_url_map.url_map"
          ]
        }
      ]
    },
    {
      "mode": "managed",
      "type": "google_compute_target_https_proxy",
      "name": "https_proxy",
      "provider": "provider[\"registry.terraform.io/hashicorp/google\"]",
      "instances": [
        {
          "index_key": 0,
          "schema_version": 0,
          "attributes": {
            "certificate_manager_certificates": null,
            "certificate_map": "",
            "creation_timestamp": "2026-08-11T10:56:42.916-07:00",
            "description": "",
            "http_keep_alive_timeout_sec": 0,
            "id": "projects/agent-space-demos/global/targetHttpsProxies/sei-mcp-server-https-proxy",
            "name": "sei-mcp-server-https-proxy",
            "project": "agent-space-demos",
            "proxy_bind": false,
            "proxy_id": 6673133430048742581,
            "quic_override": "NONE",
            "self_link": "https://www.googleapis.com/compute/v1/projects/agent-space-demos/global/targetHttpsProxies/sei-mcp-server-https-proxy",
            "server_tls_policy": "",
            "ssl_certificates": [
              "https://www.googleapis.com/compute/v1/projects/agent-space-demos/global/sslCertificates/sei-mcp-server-ssl-cert"
            ],
            "ssl_policy": "",
            "timeouts": null,
            "tls_early_data": "DISABLED",
            "url_map": "https://www.googleapis.com/compute/v1/projects/agent-space-demos/global/urlMaps/sei-mcp-server-url-map"
          },
          "sensitive_attributes": [],
          "identity_schema_version": 0,
          "private": "eyJlMmJmYjczMC1lY2FhLTExZTYtOGY4OC0zNDM2M2JjN2M0YzAiOnsiY3JlYXRlIjoxMjAwMDAwMDAwMDAwLCJkZWxldGUiOjEyMDAwMDAwMDAwMDAsInVwZGF0ZSI6MTIwMDAwMDAwMDAwMH19",
          "dependencies": [
            "google_compute_backend_service.mcp_backend",
            "google_compute_managed_ssl_certificate.managed_ssl",
            "google_compute_region_network_endpoint_group.serverless_neg",
            "google_compute_url_map.url_map"
          ]
        }
      ]
    },
    {
      "mode": "managed",
      "type": "google_compute_url_map",
      "name": "url_map",
      "provider": "provider[\"registry.terraform.io/hashicorp/google\"]",
      "instances": [
        {
          "schema_version": 0,
          "attributes": {
            "creation_timestamp": "2026-08-11T10:56:31.583-07:00",
            "default_route_action": [],
            "default_service": "https://www.googleapis.com/compute/v1/projects/agent-space-demos/global/backendServices/sei-mcp-server-backend",
            "default_url_redirect": [],
            "description": "",
            "fingerprint": "S80rFlTEFAs=",
            "header_action": [],
            "host_rule": [],
            "id": "projects/agent-space-demos/global/urlMaps/sei-mcp-server-url-map",
            "map_id": 1014815446963510433,
            "name": "sei-mcp-server-url-map",
            "path_matcher": [],
            "project": "agent-space-demos",
            "self_link": "https://www.googleapis.com/compute/v1/projects/agent-space-demos/global/urlMaps/sei-mcp-server-url-map",
            "test": [],
            "timeouts": null
          },
          "sensitive_attributes": [],
          "identity_schema_version": 0,
          "private": "eyJlMmJmYjczMC1lY2FhLTExZTYtOGY4OC0zNDM2M2JjN2M0YzAiOnsiY3JlYXRlIjoxMjAwMDAwMDAwMDAwLCJkZWxldGUiOjEyMDAwMDAwMDAwMDAsInVwZGF0ZSI6MTIwMDAwMDAwMDAwMH19",
          "dependencies": [
            "google_compute_backend_service.mcp_backend",
            "google_compute_region_network_endpoint_group.serverless_neg"
          ]
        }
      ]
    }
  ],
  "check_results": null
}
