{
  "version": 4,
  "terraform_version": "1.15.8",
  "serial": 19,
  "lineage": "fff3b8c7-9c5d-9733-f15b-244b6087b103",
  "outputs": {
    "load_balancer_ip": {
      "value": "34.117.198.95",
      "type": "string"
    },
    "mcp_sse_endpoint_http": {
      "value": "http://34.117.198.95/sse",
      "type": "string"
    },
    "mcp_sse_endpoint_https": {
      "value": "https://mcp-demo-sei.aidemo.space/sse",
      "type": "string"
    }
  },
  "resources": [
    {
      "mode": "managed",
      "type": "google_compute_global_address",
      "name": "lb_ip",
      "provider": "provider[\"registry.terraform.io/hashicorp/google\"]",
      "instances": [
        {
          "schema_version": 0,
          "attributes": {
            "address": "34.117.198.95",
            "address_type": "EXTERNAL",
            "creation_timestamp": "2026-08-11T10:52:22.079-07:00",
            "description": "Global Static IP address for sei-mcp-server Load Balancer",
            "effective_labels": {},
            "id": "projects/agent-space-demos/global/addresses/sei-mcp-server-lb-ip",
            "ip_version": "",
            "label_fingerprint": "42WmSpB8rSM=",
            "labels": null,
            "name": "sei-mcp-server-lb-ip",
            "network": "",
            "prefix_length": 0,
            "project": "agent-space-demos",
            "purpose": "",
            "self_link": "https://www.googleapis.com/compute/v1/projects/agent-space-demos/global/addresses/sei-mcp-server-lb-ip",
            "terraform_labels": {},
            "timeouts": null
          },
          "sensitive_attributes": [],
          "identity_schema_version": 0,
          "private": "eyJlMmJmYjczMC1lY2FhLTExZTYtOGY4OC0zNDM2M2JjN2M0YzAiOnsiY3JlYXRlIjoxMjAwMDAwMDAwMDAwLCJkZWxldGUiOjEyMDAwMDAwMDAwMDAsInVwZGF0ZSI6MTIwMDAwMDAwMDAwMH19"
        }
      ]
    },
    {
      "mode": "managed",
      "type": "google_compute_managed_ssl_certificate",
      "name": "managed_ssl",
      "provider": "provider[\"registry.terraform.io/hashicorp/google\"]",
      "instances": [
        {
          "index_key": 0,
          "schema_version": 0,
          "attributes": {
            "certificate_id": 1853697601540906938,
            "creation_timestamp": "2026-08-11T10:52:21.999-07:00",
            "description": "",
            "expire_time": "",
            "id": "projects/agent-space-demos/global/sslCertificates/sei-mcp-server-ssl-cert",
            "managed": [
              {
                "domains": [
                  "mcp-demo-sei.aidemo.space"
                ]
              }
            ],
            "name": "sei-mcp-server-ssl-cert",
            "project": "agent-space-demos",
            "self_link": "https://www.googleapis.com/compute/v1/projects/agent-space-demos/global/sslCertificates/sei-mcp-server-ssl-cert",
            "subject_alternative_names": [],
            "timeouts": null,
            "type": "MANAGED"
          },
          "sensitive_attributes": [],
          "identity_schema_version": 0,
          "private": "eyJlMmJmYjczMC1lY2FhLTExZTYtOGY4OC0zNDM2M2JjN2M0YzAiOnsiY3JlYXRlIjoxODAwMDAwMDAwMDAwLCJkZWxldGUiOjE4MDAwMDAwMDAwMDB9fQ=="
        }
      ]
    },
    {
      "mode": "managed",
      "type": "google_compute_region_network_endpoint_group",
      "name": "serverless_neg",
      "provider": "provider[\"registry.terraform.io/hashicorp/google\"]",
      "instances": [
        {
          "schema_version": 0,
          "attributes": {
            "app_engine": [],
            "cloud_function": [],
            "cloud_run": [
              {
                "service": "sei-mcp-server",
                "tag": "",
                "url_mask": ""
              }
            ],
            "description": "",
            "id": "projects/agent-space-demos/regions/southamerica-east1/networkEndpointGroups/sei-mcp-server-neg",
            "name": "sei-mcp-server-neg",
            "network": "",
            "network_endpoint_type": "SERVERLESS",
            "project": "agent-space-demos",
            "psc_target_service": "",
            "region": "https://www.googleapis.com/compute/v1/projects/agent-space-demos/regions/southamerica-east1",
            "self_link": "https://www.googleapis.com/compute/v1/projects/agent-space-demos/regions/southamerica-east1/networkEndpointGroups/sei-mcp-server-neg",
            "subnetwork": "",
            "timeouts": null
          },
          "sensitive_attributes": [],
          "identity_schema_version": 0,
          "private": "eyJlMmJmYjczMC1lY2FhLTExZTYtOGY4OC0zNDM2M2JjN2M0YzAiOnsiY3JlYXRlIjoxMjAwMDAwMDAwMDAwLCJkZWxldGUiOjEyMDAwMDAwMDAwMDB9fQ=="
        }
      ]
    }
  ],
  "check_results": null
}
